
Microsoft Visual Studio Solution File, Format Version 12.00
# Visual Studio Version 16
VisualStudioVersion = 16.0.28803.156
MinimumVisualStudioVersion = 10.0.40219.1
Project("{FAE04EC0-301F-11D3-BF4B-00C04F79EFBC}") = "Weather", "Weather\Weather.csproj", "{6C10ECA2-683B-4E43-9FC0-98D8DDEDCB38}"
EndProject
Project("{FAE04EC0-301F-11D3-BF4B-00C04F79EFBC}") = "LiveTime", "LiveTime\LiveTime.csproj", "{60CAAAD2-CBC4-4626-A02C-B36E019B5F90}"
EndProject
Global
	GlobalSection(SolutionConfigurationPlatforms) = preSolution
		Debug|Any CPU = Debug|Any CPU
		Release|Any CPU = Release|Any CPU
	EndGlobalSection
	GlobalSection(ProjectConfigurationPlatforms) = postSolution
		{6C10ECA2-683B-4E43-9FC0-98D8DDEDCB38}.Debug|Any CPU.ActiveCfg = Debug|Any CPU
		{6C10ECA2-683B-4E43-9FC0-98D8DDEDCB38}.Debug|Any CPU.Build.0 = Debug|Any CPU
		{6C10ECA2-683B-4E43-9FC0-98D8DDEDCB38}.Release|Any CPU.ActiveCfg = Release|Any CPU
		{6C10ECA2-683B-4E43-9FC0-98D8DDEDCB38}.Release|Any CPU.Build.0 = Release|Any CPU
		{60CAAAD2-CBC4-4626-A02C-B36E019B5F90}.Debug|Any CPU.ActiveCfg = Debug|Any CPU
		{60CAAAD2-CBC4-4626-A02C-B36E019B5F90}.Debug|Any CPU.Build.0 = Debug|Any CPU
		{60CAAAD2-CBC4-4626-A02C-B36E019B5F90}.Release|Any CPU.ActiveCfg = Release|Any CPU
		{60CAAAD2-CBC4-4626-A02C-B36E019B5F90}.Release|Any CPU.Build.0 = Release|Any CPU
	EndGlobalSection
	GlobalSection(SolutionProperties) = preSolution
		HideSolutionNode = FALSE
	EndGlobalSection
	GlobalSection(ExtensibilityGlobals) = postSolution
		SolutionGuid = {88819C1B-87E0-4452-956A-D7A4FDD83385}
	EndGlobalSection
EndGlobal
