
Microsoft Visual Studio Solution File, Format Version 12.00
# Visual Studio Version 16
VisualStudioVersion = 16.0.28803.156
MinimumVisualStudioVersion = 10.0.40219.1
Project("{FAE04EC0-301F-11D3-BF4B-00C04F79EFBC}") = "Weather", "Weather\Weather.csproj", "{6C10ECA2-683B-4E43-9FC0-98D8DDEDCB38}"
EndProject
Project("{FAE04EC0-301F-11D3-BF4B-00C04F79EFBC}") = "LiveTime", "LiveTime\LiveTime.csproj", "{60CAAAD2-CBC4-4626-A02C-B36E019B5F90}"
EndProject
Project("{FAE04EC0-301F-11D3-BF4B-00C04F79EFBC}") = "Pivot1", "Pivot1\Pivot1.csproj", "{DCC9A1F2-58CF-498D-8CD3-AE09E0D953E7}"
EndProject
Project("{FAE04EC0-301F-11D3-BF4B-00C04F79EFBC}") = "ExtractEnergy", "ExtractEnergy\ExtractEnergy.csproj", "{C3B13923-E0B6-4EFD-8265-F83E91ED3724}"
EndProject
Project("{FAE04EC0-301F-11D3-BF4B-00C04F79EFBC}") = "StartModelView", "StartModelView\StartModelView.csproj", "{5DDFE78F-0999-4EAE-B195-02A1EC27846B}"
EndProject
Project("{FAE04EC0-301F-11D3-BF4B-00C04F79EFBC}") = "To-Done", "To-Done\To-Done.csproj", "{A66D5B17-B2BB-4FE8-BF99-A40AF963022B}"
EndProject
Project("{FAE04EC0-301F-11D3-BF4B-00C04F79EFBC}") = "EmptyWPFTemplate", "EmptyWPFTemplate\EmptyWPFTemplate.csproj", "{56581EB3-B3C1-4167-820E-90B1629D459B}"
EndProject
Global
	GlobalSection(SolutionConfigurationPlatforms) = preSolution
		Debug|Any CPU = Debug|Any CPU
		Release|Any CPU = Release|Any CPU
	EndGlobalSection
	GlobalSection(ProjectConfigurationPlatforms) = postSolution
		{6C10ECA2-683B-4E43-9FC0-98D8DDEDCB38}.Debug|Any CPU.ActiveCfg = Debug|Any CPU
		{6C10ECA2-683B-4E43-9FC0-98D8DDEDCB38}.Debug|Any CPU.Build.0 = Debug|Any CPU
		{6C10ECA2-683B-4E43-9FC0-98D8DDEDCB38}.Release|Any CPU.ActiveCfg = Release|Any CPU
		{6C10ECA2-683B-4E43-9FC0-98D8DDEDCB38}.Release|Any CPU.Build.0 = Release|Any CPU
		{60CAAAD2-CBC4-4626-A02C-B36E019B5F90}.Debug|Any CPU.ActiveCfg = Debug|Any CPU
		{60CAAAD2-CBC4-4626-A02C-B36E019B5F90}.Debug|Any CPU.Build.0 = Debug|Any CPU
		{60CAAAD2-CBC4-4626-A02C-B36E019B5F90}.Release|Any CPU.ActiveCfg = Release|Any CPU
		{60CAAAD2-CBC4-4626-A02C-B36E019B5F90}.Release|Any CPU.Build.0 = Release|Any CPU
		{DCC9A1F2-58CF-498D-8CD3-AE09E0D953E7}.Debug|Any CPU.ActiveCfg = Debug|Any CPU
		{DCC9A1F2-58CF-498D-8CD3-AE09E0D953E7}.Debug|Any CPU.Build.0 = Debug|Any CPU
		{DCC9A1F2-58CF-498D-8CD3-AE09E0D953E7}.Release|Any CPU.ActiveCfg = Release|Any CPU
		{DCC9A1F2-58CF-498D-8CD3-AE09E0D953E7}.Release|Any CPU.Build.0 = Release|Any CPU
		{C3B13923-E0B6-4EFD-8265-F83E91ED3724}.Debug|Any CPU.ActiveCfg = Debug|Any CPU
		{C3B13923-E0B6-4EFD-8265-F83E91ED3724}.Debug|Any CPU.Build.0 = Debug|Any CPU
		{C3B13923-E0B6-4EFD-8265-F83E91ED3724}.Release|Any CPU.ActiveCfg = Release|Any CPU
		{C3B13923-E0B6-4EFD-8265-F83E91ED3724}.Release|Any CPU.Build.0 = Release|Any CPU
		{5DDFE78F-0999-4EAE-B195-02A1EC27846B}.Debug|Any CPU.ActiveCfg = Debug|Any CPU
		{5DDFE78F-0999-4EAE-B195-02A1EC27846B}.Debug|Any CPU.Build.0 = Debug|Any CPU
		{5DDFE78F-0999-4EAE-B195-02A1EC27846B}.Release|Any CPU.ActiveCfg = Release|Any CPU
		{5DDFE78F-0999-4EAE-B195-02A1EC27846B}.Release|Any CPU.Build.0 = Release|Any CPU
		{A66D5B17-B2BB-4FE8-BF99-A40AF963022B}.Debug|Any CPU.ActiveCfg = Debug|Any CPU
		{A66D5B17-B2BB-4FE8-BF99-A40AF963022B}.Debug|Any CPU.Build.0 = Debug|Any CPU
		{A66D5B17-B2BB-4FE8-BF99-A40AF963022B}.Release|Any CPU.ActiveCfg = Release|Any CPU
		{A66D5B17-B2BB-4FE8-BF99-A40AF963022B}.Release|Any CPU.Build.0 = Release|Any CPU
		{56581EB3-B3C1-4167-820E-90B1629D459B}.Debug|Any CPU.ActiveCfg = Debug|Any CPU
		{56581EB3-B3C1-4167-820E-90B1629D459B}.Debug|Any CPU.Build.0 = Debug|Any CPU
		{56581EB3-B3C1-4167-820E-90B1629D459B}.Release|Any CPU.ActiveCfg = Release|Any CPU
		{56581EB3-B3C1-4167-820E-90B1629D459B}.Release|Any CPU.Build.0 = Release|Any CPU
	EndGlobalSection
	GlobalSection(SolutionProperties) = preSolution
		HideSolutionNode = FALSE
	EndGlobalSection
	GlobalSection(ExtensibilityGlobals) = postSolution
		SolutionGuid = {88819C1B-87E0-4452-956A-D7A4FDD83385}
	EndGlobalSection
EndGlobal
